
Microsoft Visual Studio Solution File, Format Version 12.00
# Visual Studio Version 16
VisualStudioVersion = 16.0.28729.10
MinimumVisualStudioVersion = 10.0.40219.1
Project("{888888A0-9F3D-457C-B088-3A5042F75D52}") = "RedditPoliticalSentiment", "RedditPoliticalSentiment\RedditPoliticalSentiment.pyproj", "{7C700CDE-2F3F-4D82-BE17-33077249064C}"
EndProject
Global
	GlobalSection(SolutionConfigurationPlatforms) = preSolution
		Debug|Any CPU = Debug|Any CPU
		Release|Any CPU = Release|Any CPU
	EndGlobalSection
	GlobalSection(ProjectConfigurationPlatforms) = postSolution
		{7C700CDE-2F3F-4D82-BE17-33077249064C}.Debug|Any CPU.ActiveCfg = Debug|Any CPU
		{7C700CDE-2F3F-4D82-BE17-33077249064C}.Release|Any CPU.ActiveCfg = Release|Any CPU
	EndGlobalSection
	GlobalSection(SolutionProperties) = preSolution
		HideSolutionNode = FALSE
	EndGlobalSection
	GlobalSection(ExtensibilityGlobals) = postSolution
		SolutionGuid = {CA939D6B-B73B-466B-8E1B-CCAB558BDF6F}
	EndGlobalSection
EndGlobal
